





Microsoft Visual Studio Solution File, Format Version 12.00
Project("{FAE04EC0-301F-11D3-BF4B-00C04F79EFBC}") = "SeleniumNunit", "SeleniumNunit\SeleniumNunit.csproj", "{70A90626-459B-4E4F-9994-F8D84D426672}"
EndProject
Global
	GlobalSection(SolutionConfigurationPlatforms) = preSolution
		Debug|Any CPU = Debug|Any CPU
		Release|Any CPU = Release|Any CPU
	EndGlobalSection
	GlobalSection(ProjectConfigurationPlatforms) = postSolution
		{70A90626-459B-4E4F-9994-F8D84D426672}.Debug|Any CPU.ActiveCfg = Debug|Any CPU
		{70A90626-459B-4E4F-9994-F8D84D426672}.Debug|Any CPU.Build.0 = Debug|Any CPU
		{70A90626-459B-4E4F-9994-F8D84D426672}.Release|Any CPU.ActiveCfg = Release|Any CPU
		{70A90626-459B-4E4F-9994-F8D84D426672}.Release|Any CPU.Build.0 = Release|Any CPU
	EndGlobalSection
EndGlobal
